
Microsoft Visual Studio Solution File, Format Version 12.00
# Visual Studio Version 17
VisualStudioVersion = 17.0.31903.59
MinimumVisualStudioVersion = 10.0.40219.1
Project("{9A19103F-16F7-4668-BE54-9A1E7A4F7556}") = "Application", "src\Application\Application.csproj", "{B07D175F-5647-4A6E-A84F-6DB5CAA24753}"
EndProject
Project("{9A19103F-16F7-4668-BE54-9A1E7A4F7556}") = "Infrastructure", "src\Infrastructure\Infrastructure.csproj", "{E2D1723B-D97D-4003-BABA-A1898669335C}"
EndProject
Project("{9A19103F-16F7-4668-BE54-9A1E7A4F7556}") = "Domain", "src\Domain\Domain.csproj", "{937C84EA-7FB2-436E-A22E-B05508445F47}"
EndProject
Project("{9A19103F-16F7-4668-BE54-9A1E7A4F7556}") = "WebApi", "src\Web\WebApi\WebApi.csproj", "{E1F33D54-DB77-4C5A-BB5F-3494DA056F71}"
EndProject
Project("{54A90642-561A-4BB1-A94E-469ADEE60C69}") = "WebUI", "src\Web\WebUI\WebUI.esproj", "{A4292E3D-C942-4993-9B72-118243921CBE}"
EndProject
Project("{2150E333-8FDC-42A3-9474-1A3956D46DE8}") = "src", "src", "{8F3E037B-CDAA-483A-ABA5-82B80CF4E13C}"
EndProject
Project("{2150E333-8FDC-42A3-9474-1A3956D46DE8}") = "tests", "tests", "{4955A048-DA8D-4502-851E-F5B21441B0E7}"
EndProject
Project("{9A19103F-16F7-4668-BE54-9A1E7A4F7556}") = "Application.UnitTests", "tests\Application\Application.UnitTests.csproj", "{F1EC8A10-1263-4A0E-890D-34BCB8897A15}"
EndProject
Global
	GlobalSection(SolutionConfigurationPlatforms) = preSolution
		Debug|Any CPU = Debug|Any CPU
		Release|Any CPU = Release|Any CPU
	EndGlobalSection
	GlobalSection(ProjectConfigurationPlatforms) = postSolution
		{B07D175F-5647-4A6E-A84F-6DB5CAA24753}.Debug|Any CPU.ActiveCfg = Debug|Any CPU
		{B07D175F-5647-4A6E-A84F-6DB5CAA24753}.Debug|Any CPU.Build.0 = Debug|Any CPU
		{B07D175F-5647-4A6E-A84F-6DB5CAA24753}.Release|Any CPU.ActiveCfg = Release|Any CPU
		{B07D175F-5647-4A6E-A84F-6DB5CAA24753}.Release|Any CPU.Build.0 = Release|Any CPU
		{E2D1723B-D97D-4003-BABA-A1898669335C}.Debug|Any CPU.ActiveCfg = Debug|Any CPU
		{E2D1723B-D97D-4003-BABA-A1898669335C}.Debug|Any CPU.Build.0 = Debug|Any CPU
		{E2D1723B-D97D-4003-BABA-A1898669335C}.Release|Any CPU.ActiveCfg = Release|Any CPU
		{E2D1723B-D97D-4003-BABA-A1898669335C}.Release|Any CPU.Build.0 = Release|Any CPU
		{937C84EA-7FB2-436E-A22E-B05508445F47}.Debug|Any CPU.ActiveCfg = Debug|Any CPU
		{937C84EA-7FB2-436E-A22E-B05508445F47}.Debug|Any CPU.Build.0 = Debug|Any CPU
		{937C84EA-7FB2-436E-A22E-B05508445F47}.Release|Any CPU.ActiveCfg = Release|Any CPU
		{937C84EA-7FB2-436E-A22E-B05508445F47}.Release|Any CPU.Build.0 = Release|Any CPU
		{E1F33D54-DB77-4C5A-BB5F-3494DA056F71}.Debug|Any CPU.ActiveCfg = Debug|Any CPU
		{E1F33D54-DB77-4C5A-BB5F-3494DA056F71}.Debug|Any CPU.Build.0 = Debug|Any CPU
		{E1F33D54-DB77-4C5A-BB5F-3494DA056F71}.Release|Any CPU.ActiveCfg = Release|Any CPU
		{E1F33D54-DB77-4C5A-BB5F-3494DA056F71}.Release|Any CPU.Build.0 = Release|Any CPU
		{A4292E3D-C942-4993-9B72-118243921CBE}.Debug|Any CPU.ActiveCfg = Debug|Any CPU
		{A4292E3D-C942-4993-9B72-118243921CBE}.Debug|Any CPU.Build.0 = Debug|Any CPU
		{A4292E3D-C942-4993-9B72-118243921CBE}.Debug|Any CPU.Deploy.0 = Debug|Any CPU
		{A4292E3D-C942-4993-9B72-118243921CBE}.Release|Any CPU.ActiveCfg = Release|Any CPU
		{A4292E3D-C942-4993-9B72-118243921CBE}.Release|Any CPU.Build.0 = Release|Any CPU
		{A4292E3D-C942-4993-9B72-118243921CBE}.Release|Any CPU.Deploy.0 = Release|Any CPU
		{F1EC8A10-1263-4A0E-890D-34BCB8897A15}.Debug|Any CPU.ActiveCfg = Debug|Any CPU
		{F1EC8A10-1263-4A0E-890D-34BCB8897A15}.Debug|Any CPU.Build.0 = Debug|Any CPU
		{F1EC8A10-1263-4A0E-890D-34BCB8897A15}.Release|Any CPU.ActiveCfg = Release|Any CPU
		{F1EC8A10-1263-4A0E-890D-34BCB8897A15}.Release|Any CPU.Build.0 = Release|Any CPU
	EndGlobalSection
	GlobalSection(SolutionProperties) = preSolution
		HideSolutionNode = FALSE
	EndGlobalSection
	GlobalSection(NestedProjects) = preSolution
		{B07D175F-5647-4A6E-A84F-6DB5CAA24753} = {8F3E037B-CDAA-483A-ABA5-82B80CF4E13C}
		{E2D1723B-D97D-4003-BABA-A1898669335C} = {8F3E037B-CDAA-483A-ABA5-82B80CF4E13C}
		{937C84EA-7FB2-436E-A22E-B05508445F47} = {8F3E037B-CDAA-483A-ABA5-82B80CF4E13C}
		{E1F33D54-DB77-4C5A-BB5F-3494DA056F71} = {8F3E037B-CDAA-483A-ABA5-82B80CF4E13C}
		{A4292E3D-C942-4993-9B72-118243921CBE} = {8F3E037B-CDAA-483A-ABA5-82B80CF4E13C}
		{F1EC8A10-1263-4A0E-890D-34BCB8897A15} = {4955A048-DA8D-4502-851E-F5B21441B0E7}
	EndGlobalSection
	GlobalSection(ExtensibilityGlobals) = postSolution
		SolutionGuid = {62390C92-1D2A-438B-8866-3A4F5D84D12F}
	EndGlobalSection
EndGlobal
